// !$*UTF8*$!
{
	archiveVersion = 1;
	classes = {
	};
	objectVersion = 50;
	objects = {

/* Begin PBXBuildFile section */
		78D705BBDA4046174BD8CD82 /* Pods_FoodTest.framework in Frameworks */ = {isa = PBXBuildFile; fileRef = 225064A5D749A718DE018FB8 /* Pods_FoodTest.framework */; };
		FA03A65423044B1300D27972 /* FoodDetailPresenter.swift in Sources */ = {isa = PBXBuildFile; fileRef = FA03A65323044B1300D27972 /* FoodDetailPresenter.swift */; };
		FA03A65C23045E6900D27972 /* FoodListTableViewCell.swift in Sources */ = {isa = PBXBuildFile; fileRef = FA03A65A23045E6900D27972 /* FoodListTableViewCell.swift */; };
		FA03A65D23045E6900D27972 /* FoodListTableViewCell.xib in Resources */ = {isa = PBXBuildFile; fileRef = FA03A65B23045E6900D27972 /* FoodListTableViewCell.xib */; };
		FA03A660230465DE00D27972 /* AlamofireImageService.swift in Sources */ = {isa = PBXBuildFile; fileRef = FA03A65F230465DE00D27972 /* AlamofireImageService.swift */; };
		FA03A66423052A6A00D27972 /* FoodListViewController.xib in Resources */ = {isa = PBXBuildFile; fileRef = FA03A66223052A6A00D27972 /* FoodListViewController.xib */; };
		FA056720230BEB59001683F0 /* ReachabilityConection.swift in Sources */ = {isa = PBXBuildFile; fileRef = FA05671F230BEB59001683F0 /* ReachabilityConection.swift */; };
		FA7CB186231D1324003829A4 /* FoodTestTests.swift in Sources */ = {isa = PBXBuildFile; fileRef = FA7CB185231D1324003829A4 /* FoodTestTests.swift */; };
		FA7CB18F231D1371003829A4 /* FoodListTests.swift in Sources */ = {isa = PBXBuildFile; fileRef = FA7CB18E231D1371003829A4 /* FoodListTests.swift */; };
		FA7CB192231D2888003829A4 /* FoodListPresenterTests.swift in Sources */ = {isa = PBXBuildFile; fileRef = FA7CB191231D2888003829A4 /* FoodListPresenterTests.swift */; };
		FA7CB195231D488A003829A4 /* FoodListViewControllerTests.swift in Sources */ = {isa = PBXBuildFile; fileRef = FA7CB194231D488A003829A4 /* FoodListViewControllerTests.swift */; };
		FAAD91502302EA6F006A5185 /* AppDelegate.swift in Sources */ = {isa = PBXBuildFile; fileRef = FAAD914F2302EA6F006A5185 /* AppDelegate.swift */; };
		FAAD91522302EA6F006A5185 /* FoodListViewController.swift in Sources */ = {isa = PBXBuildFile; fileRef = FAAD91512302EA6F006A5185 /* FoodListViewController.swift */; };
		FAAD91552302EA6F006A5185 /* Main.storyboard in Resources */ = {isa = PBXBuildFile; fileRef = FAAD91532302EA6F006A5185 /* Main.storyboard */; };
		FAAD91572302EA71006A5185 /* Assets.xcassets in Resources */ = {isa = PBXBuildFile; fileRef = FAAD91562302EA71006A5185 /* Assets.xcassets */; };
		FAAD915A2302EA71006A5185 /* LaunchScreen.storyboard in Resources */ = {isa = PBXBuildFile; fileRef = FAAD91582302EA71006A5185 /* LaunchScreen.storyboard */; };
		FAAD91622302FEB2006A5185 /* FoodList.swift in Sources */ = {isa = PBXBuildFile; fileRef = FAAD91612302FEB2006A5185 /* FoodList.swift */; };
		FAAD916623030E9C006A5185 /* NetworkService.swift in Sources */ = {isa = PBXBuildFile; fileRef = FAAD916523030E9C006A5185 /* NetworkService.swift */; };
		FAAD916A23041F1D006A5185 /* FoodListPresenter.swift in Sources */ = {isa = PBXBuildFile; fileRef = FAAD916923041F1D006A5185 /* FoodListPresenter.swift */; };
		FAF12869230560F0002A4943 /* FoodDetailViewController.swift in Sources */ = {isa = PBXBuildFile; fileRef = FAF12867230560F0002A4943 /* FoodDetailViewController.swift */; };
		FAF1286A230560F0002A4943 /* FoodDetailViewController.xib in Resources */ = {isa = PBXBuildFile; fileRef = FAF12868230560F0002A4943 /* FoodDetailViewController.xib */; };
		FAF1286D23056190002A4943 /* FoodDetailTableViewCell.swift in Sources */ = {isa = PBXBuildFile; fileRef = FAF1286B23056190002A4943 /* FoodDetailTableViewCell.swift */; };
		FAF1286E23056190002A4943 /* FoodDetailTableViewCell.xib in Resources */ = {isa = PBXBuildFile; fileRef = FAF1286C23056190002A4943 /* FoodDetailTableViewCell.xib */; };
		FAF128702305A2CF002A4943 /* MainRouter.swift in Sources */ = {isa = PBXBuildFile; fileRef = FAF1286F2305A2CF002A4943 /* MainRouter.swift */; };
		FAF95576230683A600B4A264 /* RealmService.swift in Sources */ = {isa = PBXBuildFile; fileRef = FAF95575230683A600B4A264 /* RealmService.swift */; };
/* End PBXBuildFile section */

/* Begin PBXContainerItemProxy section */
		FA7CB188231D1324003829A4 /* PBXContainerItemProxy */ = {
			isa = PBXContainerItemProxy;
			containerPortal = FAAD91442302EA6F006A5185 /* Project object */;
			proxyType = 1;
			remoteGlobalIDString = FAAD914B2302EA6F006A5185;
			remoteInfo = FoodTest;
		};
/* End PBXContainerItemProxy section */

/* Begin PBXFileReference section */
		225064A5D749A718DE018FB8 /* Pods_FoodTest.framework */ = {isa = PBXFileReference; explicitFileType = wrapper.framework; includeInIndex = 0; path = Pods_FoodTest.framework; sourceTree = BUILT_PRODUCTS_DIR; };
		8B9B0267353CCE450A55487F /* Pods-FoodTest.debug.xcconfig */ = {isa = PBXFileReference; includeInIndex = 1; lastKnownFileType = text.xcconfig; name = "Pods-FoodTest.debug.xcconfig"; path = "Target Support Files/Pods-FoodTest/Pods-FoodTest.debug.xcconfig"; sourceTree = "<group>"; };
		D21CBBE57C86FBA3BEC5885A /* Pods-FoodTest.release.xcconfig */ = {isa = PBXFileReference; includeInIndex = 1; lastKnownFileType = text.xcconfig; name = "Pods-FoodTest.release.xcconfig"; path = "Target Support Files/Pods-FoodTest/Pods-FoodTest.release.xcconfig"; sourceTree = "<group>"; };
		FA03A65323044B1300D27972 /* FoodDetailPresenter.swift */ = {isa = PBXFileReference; lastKnownFileType = sourcecode.swift; path = FoodDetailPresenter.swift; sourceTree = "<group>"; };
		FA03A65A23045E6900D27972 /* FoodListTableViewCell.swift */ = {isa = PBXFileReference; lastKnownFileType = sourcecode.swift; path = FoodListTableViewCell.swift; sourceTree = "<group>"; };
		FA03A65B23045E6900D27972 /* FoodListTableViewCell.xib */ = {isa = PBXFileReference; lastKnownFileType = file.xib; path = FoodListTableViewCell.xib; sourceTree = "<group>"; };
		FA03A65F230465DE00D27972 /* AlamofireImageService.swift */ = {isa = PBXFileReference; lastKnownFileType = sourcecode.swift; path = AlamofireImageService.swift; sourceTree = "<group>"; };
		FA03A66223052A6A00D27972 /* FoodListViewController.xib */ = {isa = PBXFileReference; lastKnownFileType = file.xib; path = FoodListViewController.xib; sourceTree = "<group>"; };
		FA05671F230BEB59001683F0 /* ReachabilityConection.swift */ = {isa = PBXFileReference; fileEncoding = 4; lastKnownFileType = sourcecode.swift; path = ReachabilityConection.swift; sourceTree = "<group>"; };
		FA7CB183231D1323003829A4 /* FoodTestTests.xctest */ = {isa = PBXFileReference; explicitFileType = wrapper.cfbundle; includeInIndex = 0; path = FoodTestTests.xctest; sourceTree = BUILT_PRODUCTS_DIR; };
		FA7CB185231D1324003829A4 /* FoodTestTests.swift */ = {isa = PBXFileReference; lastKnownFileType = sourcecode.swift; path = FoodTestTests.swift; sourceTree = "<group>"; };
		FA7CB187231D1324003829A4 /* Info.plist */ = {isa = PBXFileReference; lastKnownFileType = text.plist.xml; path = Info.plist; sourceTree = "<group>"; };
		FA7CB18E231D1371003829A4 /* FoodListTests.swift */ = {isa = PBXFileReference; lastKnownFileType = sourcecode.swift; path = FoodListTests.swift; sourceTree = "<group>"; };
		FA7CB191231D2888003829A4 /* FoodListPresenterTests.swift */ = {isa = PBXFileReference; lastKnownFileType = sourcecode.swift; path = FoodListPresenterTests.swift; sourceTree = "<group>"; };
		FA7CB194231D488A003829A4 /* FoodListViewControllerTests.swift */ = {isa = PBXFileReference; lastKnownFileType = sourcecode.swift; path = FoodListViewControllerTests.swift; sourceTree = "<group>"; };
		FAAD914C2302EA6F006A5185 /* FoodTest.app */ = {isa = PBXFileReference; explicitFileType = wrapper.application; includeInIndex = 0; path = FoodTest.app; sourceTree = BUILT_PRODUCTS_DIR; };
		FAAD914F2302EA6F006A5185 /* AppDelegate.swift */ = {isa = PBXFileReference; lastKnownFileType = sourcecode.swift; path = AppDelegate.swift; sourceTree = "<group>"; };
		FAAD91512302EA6F006A5185 /* FoodListViewController.swift */ = {isa = PBXFileReference; lastKnownFileType = sourcecode.swift; path = FoodListViewController.swift; sourceTree = "<group>"; };
		FAAD91542302EA6F006A5185 /* Base */ = {isa = PBXFileReference; lastKnownFileType = file.storyboard; name = Base; path = Base.lproj/Main.storyboard; sourceTree = "<group>"; };
		FAAD91562302EA71006A5185 /* Assets.xcassets */ = {isa = PBXFileReference; lastKnownFileType = folder.assetcatalog; path = Assets.xcassets; sourceTree = "<group>"; };
		FAAD91592302EA71006A5185 /* Base */ = {isa = PBXFileReference; lastKnownFileType = file.storyboard; name = Base; path = Base.lproj/LaunchScreen.storyboard; sourceTree = "<group>"; };
		FAAD915B2302EA71006A5185 /* Info.plist */ = {isa = PBXFileReference; lastKnownFileType = text.plist.xml; path = Info.plist; sourceTree = "<group>"; };
		FAAD91612302FEB2006A5185 /* FoodList.swift */ = {isa = PBXFileReference; lastKnownFileType = sourcecode.swift; path = FoodList.swift; sourceTree = "<group>"; };
		FAAD916523030E9C006A5185 /* NetworkService.swift */ = {isa = PBXFileReference; lastKnownFileType = sourcecode.swift; path = NetworkService.swift; sourceTree = "<group>"; };
		FAAD916923041F1D006A5185 /* FoodListPresenter.swift */ = {isa = PBXFileReference; lastKnownFileType = sourcecode.swift; path = FoodListPresenter.swift; sourceTree = "<group>"; };
		FAF12867230560F0002A4943 /* FoodDetailViewController.swift */ = {isa = PBXFileReference; lastKnownFileType = sourcecode.swift; path = FoodDetailViewController.swift; sourceTree = "<group>"; };
		FAF12868230560F0002A4943 /* FoodDetailViewController.xib */ = {isa = PBXFileReference; lastKnownFileType = file.xib; path = FoodDetailViewController.xib; sourceTree = "<group>"; };
		FAF1286B23056190002A4943 /* FoodDetailTableViewCell.swift */ = {isa = PBXFileReference; lastKnownFileType = sourcecode.swift; path = FoodDetailTableViewCell.swift; sourceTree = "<group>"; };
		FAF1286C23056190002A4943 /* FoodDetailTableViewCell.xib */ = {isa = PBXFileReference; lastKnownFileType = file.xib; path = FoodDetailTableViewCell.xib; sourceTree = "<group>"; };
		FAF1286F2305A2CF002A4943 /* MainRouter.swift */ = {isa = PBXFileReference; lastKnownFileType = sourcecode.swift; path = MainRouter.swift; sourceTree = "<group>"; };
		FAF95575230683A600B4A264 /* RealmService.swift */ = {isa = PBXFileReference; lastKnownFileType = sourcecode.swift; path = RealmService.swift; sourceTree = "<group>"; };
/* End PBXFileReference section */

/* Begin PBXFrameworksBuildPhase section */
		FA7CB180231D1323003829A4 /* Frameworks */ = {
			isa = PBXFrameworksBuildPhase;
			buildActionMask = 2147483647;
			files = (
			);
			runOnlyForDeploymentPostprocessing = 0;
		};
		FAAD91492302EA6F006A5185 /* Frameworks */ = {
			isa = PBXFrameworksBuildPhase;
			buildActionMask = 2147483647;
			files = (
				78D705BBDA4046174BD8CD82 /* Pods_FoodTest.framework in Frameworks */,
			);
			runOnlyForDeploymentPostprocessing = 0;
		};
/* End PBXFrameworksBuildPhase section */

/* Begin PBXGroup section */
		36408D4FB4639912E526FD5D /* Frameworks */ = {
			isa = PBXGroup;
			children = (
				225064A5D749A718DE018FB8 /* Pods_FoodTest.framework */,
			);
			name = Frameworks;
			sourceTree = "<group>";
		};
		650C168A0BC2B74838478E8A /* Pods */ = {
			isa = PBXGroup;
			children = (
				8B9B0267353CCE450A55487F /* Pods-FoodTest.debug.xcconfig */,
				D21CBBE57C86FBA3BEC5885A /* Pods-FoodTest.release.xcconfig */,
			);
			path = Pods;
			sourceTree = "<group>";
		};
		FA03A65723044E0E00D27972 /* View */ = {
			isa = PBXGroup;
			children = (
				FAAD91512302EA6F006A5185 /* FoodListViewController.swift */,
				FA03A66223052A6A00D27972 /* FoodListViewController.xib */,
				FAF12867230560F0002A4943 /* FoodDetailViewController.swift */,
				FAF12868230560F0002A4943 /* FoodDetailViewController.xib */,
				FA03A65E23045E7300D27972 /* Cell */,
			);
			path = View;
			sourceTree = "<group>";
		};
		FA03A65E23045E7300D27972 /* Cell */ = {
			isa = PBXGroup;
			children = (
				FA03A65A23045E6900D27972 /* FoodListTableViewCell.swift */,
				FA03A65B23045E6900D27972 /* FoodListTableViewCell.xib */,
				FAF1286B23056190002A4943 /* FoodDetailTableViewCell.swift */,
				FAF1286C23056190002A4943 /* FoodDetailTableViewCell.xib */,
			);
			path = Cell;
			sourceTree = "<group>";
		};
		FA7CB184231D1324003829A4 /* FoodTestTests */ = {
			isa = PBXGroup;
			children = (
				FA7CB193231D4851003829A4 /* View */,
				FA7CB190231D2847003829A4 /* Presenter */,
				FA7CB18D231D132E003829A4 /* Model */,
				FA7CB185231D1324003829A4 /* FoodTestTests.swift */,
				FA7CB187231D1324003829A4 /* Info.plist */,
			);
			path = FoodTestTests;
			sourceTree = "<group>";
		};
		FA7CB18D231D132E003829A4 /* Model */ = {
			isa = PBXGroup;
			children = (
				FA7CB18E231D1371003829A4 /* FoodListTests.swift */,
			);
			path = Model;
			sourceTree = "<group>";
		};
		FA7CB190231D2847003829A4 /* Presenter */ = {
			isa = PBXGroup;
			children = (
				FA7CB191231D2888003829A4 /* FoodListPresenterTests.swift */,
			);
			path = Presenter;
			sourceTree = "<group>";
		};
		FA7CB193231D4851003829A4 /* View */ = {
			isa = PBXGroup;
			children = (
				FA7CB194231D488A003829A4 /* FoodListViewControllerTests.swift */,
			);
			path = View;
			sourceTree = "<group>";
		};
		FA7CB196231D601E003829A4 /* Router */ = {
			isa = PBXGroup;
			children = (
				FAF1286F2305A2CF002A4943 /* MainRouter.swift */,
			);
			path = Router;
			sourceTree = "<group>";
		};
		FAAD91432302EA6F006A5185 = {
			isa = PBXGroup;
			children = (
				FAAD914E2302EA6F006A5185 /* FoodTest */,
				FA7CB184231D1324003829A4 /* FoodTestTests */,
				FAAD914D2302EA6F006A5185 /* Products */,
				650C168A0BC2B74838478E8A /* Pods */,
				36408D4FB4639912E526FD5D /* Frameworks */,
			);
			sourceTree = "<group>";
		};
		FAAD914D2302EA6F006A5185 /* Products */ = {
			isa = PBXGroup;
			children = (
				FAAD914C2302EA6F006A5185 /* FoodTest.app */,
				FA7CB183231D1323003829A4 /* FoodTestTests.xctest */,
			);
			name = Products;
			sourceTree = "<group>";
		};
		FAAD914E2302EA6F006A5185 /* FoodTest */ = {
			isa = PBXGroup;
			children = (
				FAAD914F2302EA6F006A5185 /* AppDelegate.swift */,
				FAAD91672303EA32006A5185 /* Model */,
				FA03A65723044E0E00D27972 /* View */,
				FAAD916B23041F3E006A5185 /* Presenter */,
				FA7CB196231D601E003829A4 /* Router */,
				FAAD91682303EA41006A5185 /* Service */,
				FAAD91532302EA6F006A5185 /* Main.storyboard */,
				FAAD91562302EA71006A5185 /* Assets.xcassets */,
				FAAD91582302EA71006A5185 /* LaunchScreen.storyboard */,
				FAAD915B2302EA71006A5185 /* Info.plist */,
			);
			path = FoodTest;
			sourceTree = "<group>";
		};
		FAAD91672303EA32006A5185 /* Model */ = {
			isa = PBXGroup;
			children = (
				FAAD91612302FEB2006A5185 /* FoodList.swift */,
			);
			path = Model;
			sourceTree = "<group>";
		};
		FAAD91682303EA41006A5185 /* Service */ = {
			isa = PBXGroup;
			children = (
				FAAD916523030E9C006A5185 /* NetworkService.swift */,
				FAF95575230683A600B4A264 /* RealmService.swift */,
				FA03A65F230465DE00D27972 /* AlamofireImageService.swift */,
				FA05671F230BEB59001683F0 /* ReachabilityConection.swift */,
			);
			path = Service;
			sourceTree = "<group>";
		};
		FAAD916B23041F3E006A5185 /* Presenter */ = {
			isa = PBXGroup;
			children = (
				FAAD916923041F1D006A5185 /* FoodListPresenter.swift */,
				FA03A65323044B1300D27972 /* FoodDetailPresenter.swift */,
			);
			path = Presenter;
			sourceTree = "<group>";
		};
/* End PBXGroup section */

/* Begin PBXNativeTarget section */
		FA7CB182231D1323003829A4 /* FoodTestTests */ = {
			isa = PBXNativeTarget;
			buildConfigurationList = FA7CB18C231D1324003829A4 /* Build configuration list for PBXNativeTarget "FoodTestTests" */;
			buildPhases = (
				FA7CB17F231D1323003829A4 /* Sources */,
				FA7CB180231D1323003829A4 /* Frameworks */,
				FA7CB181231D1323003829A4 /* Resources */,
			);
			buildRules = (
			);
			dependencies = (
				FA7CB189231D1324003829A4 /* PBXTargetDependency */,
			);
			name = FoodTestTests;
			productName = FoodTestTests;
			productReference = FA7CB183231D1323003829A4 /* FoodTestTests.xctest */;
			productType = "com.apple.product-type.bundle.unit-test";
		};
		FAAD914B2302EA6F006A5185 /* FoodTest */ = {
			isa = PBXNativeTarget;
			buildConfigurationList = FAAD915E2302EA71006A5185 /* Build configuration list for PBXNativeTarget "FoodTest" */;
			buildPhases = (
				6D184C4D430AE90A983ADC17 /* [CP] Check Pods Manifest.lock */,
				FAAD91482302EA6F006A5185 /* Sources */,
				FAAD91492302EA6F006A5185 /* Frameworks */,
				FAAD914A2302EA6F006A5185 /* Resources */,
				CD44CE534E86633A5B2FEB11 /* [CP] Embed Pods Frameworks */,
			);
			buildRules = (
			);
			dependencies = (
			);
			name = FoodTest;
			productName = FoodTest;
			productReference = FAAD914C2302EA6F006A5185 /* FoodTest.app */;
			productType = "com.apple.product-type.application";
		};
/* End PBXNativeTarget section */

/* Begin PBXProject section */
		FAAD91442302EA6F006A5185 /* Project object */ = {
			isa = PBXProject;
			attributes = {
				LastSwiftUpdateCheck = 1030;
				LastUpgradeCheck = 1030;
				ORGANIZATIONNAME = macbook;
				TargetAttributes = {
					FA7CB182231D1323003829A4 = {
						CreatedOnToolsVersion = 10.3;
						TestTargetID = FAAD914B2302EA6F006A5185;
					};
					FAAD914B2302EA6F006A5185 = {
						CreatedOnToolsVersion = 10.3;
						SystemCapabilities = {
							com.apple.WAC = {
								enabled = 0;
							};
						};
					};
				};
			};
			buildConfigurationList = FAAD91472302EA6F006A5185 /* Build configuration list for PBXProject "FoodTest" */;
			compatibilityVersion = "Xcode 9.3";
			developmentRegion = en;
			hasScannedForEncodings = 0;
			knownRegions = (
				en,
				Base,
			);
			mainGroup = FAAD91432302EA6F006A5185;
			productRefGroup = FAAD914D2302EA6F006A5185 /* Products */;
			projectDirPath = "";
			projectRoot = "";
			targets = (
				FAAD914B2302EA6F006A5185 /* FoodTest */,
				FA7CB182231D1323003829A4 /* FoodTestTests */,
			);
		};
/* End PBXProject section */

/* Begin PBXResourcesBuildPhase section */
		FA7CB181231D1323003829A4 /* Resources */ = {
			isa = PBXResourcesBuildPhase;
			buildActionMask = 2147483647;
			files = (
			);
			runOnlyForDeploymentPostprocessing = 0;
		};
		FAAD914A2302EA6F006A5185 /* Resources */ = {
			isa = PBXResourcesBuildPhase;
			buildActionMask = 2147483647;
			files = (
				FAF1286E23056190002A4943 /* FoodDetailTableViewCell.xib in Resources */,
				FA03A65D23045E6900D27972 /* FoodListTableViewCell.xib in Resources */,
				FAAD915A2302EA71006A5185 /* LaunchScreen.storyboard in Resources */,
				FAAD91572302EA71006A5185 /* Assets.xcassets in Resources */,
				FAF1286A230560F0002A4943 /* FoodDetailViewController.xib in Resources */,
				FA03A66423052A6A00D27972 /* FoodListViewController.xib in Resources */,
				FAAD91552302EA6F006A5185 /* Main.storyboard in Resources */,
			);
			runOnlyForDeploymentPostprocessing = 0;
		};
/* End PBXResourcesBuildPhase section */

/* Begin PBXShellScriptBuildPhase section */
		6D184C4D430AE90A983ADC17 /* [CP] Check Pods Manifest.lock */ = {
			isa = PBXShellScriptBuildPhase;
			buildActionMask = 2147483647;
			files = (
			);
			inputFileListPaths = (
			);
			inputPaths = (
				"${PODS_PODFILE_DIR_PATH}/Podfile.lock",
				"${PODS_ROOT}/Manifest.lock",
			);
			name = "[CP] Check Pods Manifest.lock";
			outputFileListPaths = (
			);
			outputPaths = (
				"$(DERIVED_FILE_DIR)/Pods-FoodTest-checkManifestLockResult.txt",
			);
			runOnlyForDeploymentPostprocessing = 0;
			shellPath = /bin/sh;
			shellScript = "diff \"${PODS_PODFILE_DIR_PATH}/Podfile.lock\" \"${PODS_ROOT}/Manifest.lock\" > /dev/null\nif [ $? != 0 ] ; then\n    # print error to STDERR\n    echo \"error: The sandbox is not in sync with the Podfile.lock. Run 'pod install' or update your CocoaPods installation.\" >&2\n    exit 1\nfi\n# This output is used by Xcode 'outputs' to avoid re-running this script phase.\necho \"SUCCESS\" > \"${SCRIPT_OUTPUT_FILE_0}\"\n";
			showEnvVarsInLog = 0;
		};
		CD44CE534E86633A5B2FEB11 /* [CP] Embed Pods Frameworks */ = {
			isa = PBXShellScriptBuildPhase;
			buildActionMask = 2147483647;
			files = (
			);
			inputFileListPaths = (
			);
			inputPaths = (
				"${PODS_ROOT}/Target Support Files/Pods-FoodTest/Pods-FoodTest-frameworks.sh",
				"${BUILT_PRODUCTS_DIR}/Alamofire/Alamofire.framework",
				"${BUILT_PRODUCTS_DIR}/AlamofireImage/AlamofireImage.framework",
				"${BUILT_PRODUCTS_DIR}/Realm/Realm.framework",
				"${BUILT_PRODUCTS_DIR}/RealmSwift/RealmSwift.framework",
			);
			name = "[CP] Embed Pods Frameworks";
			outputFileListPaths = (
			);
			outputPaths = (
				"${TARGET_BUILD_DIR}/${FRAMEWORKS_FOLDER_PATH}/Alamofire.framework",
				"${TARGET_BUILD_DIR}/${FRAMEWORKS_FOLDER_PATH}/AlamofireImage.framework",
				"${TARGET_BUILD_DIR}/${FRAMEWORKS_FOLDER_PATH}/Realm.framework",
				"${TARGET_BUILD_DIR}/${FRAMEWORKS_FOLDER_PATH}/RealmSwift.framework",
			);
			runOnlyForDeploymentPostprocessing = 0;
			shellPath = /bin/sh;
			shellScript = "\"${PODS_ROOT}/Target Support Files/Pods-FoodTest/Pods-FoodTest-frameworks.sh\"\n";
			showEnvVarsInLog = 0;
		};
/* End PBXShellScriptBuildPhase section */

/* Begin PBXSourcesBuildPhase section */
		FA7CB17F231D1323003829A4 /* Sources */ = {
			isa = PBXSourcesBuildPhase;
			buildActionMask = 2147483647;
			files = (
				FA7CB186231D1324003829A4 /* FoodTestTests.swift in Sources */,
				FA7CB18F231D1371003829A4 /* FoodListTests.swift in Sources */,
				FA7CB195231D488A003829A4 /* FoodListViewControllerTests.swift in Sources */,
				FA7CB192231D2888003829A4 /* FoodListPresenterTests.swift in Sources */,
			);
			runOnlyForDeploymentPostprocessing = 0;
		};
		FAAD91482302EA6F006A5185 /* Sources */ = {
			isa = PBXSourcesBuildPhase;
			buildActionMask = 2147483647;
			files = (
				FAAD91622302FEB2006A5185 /* FoodList.swift in Sources */,
				FAAD91522302EA6F006A5185 /* FoodListViewController.swift in Sources */,
				FA03A65423044B1300D27972 /* FoodDetailPresenter.swift in Sources */,
				FA056720230BEB59001683F0 /* ReachabilityConection.swift in Sources */,
				FAF12869230560F0002A4943 /* FoodDetailViewController.swift in Sources */,
				FA03A660230465DE00D27972 /* AlamofireImageService.swift in Sources */,
				FAF128702305A2CF002A4943 /* MainRouter.swift in Sources */,
				FAAD916A23041F1D006A5185 /* FoodListPresenter.swift in Sources */,
				FA03A65C23045E6900D27972 /* FoodListTableViewCell.swift in Sources */,
				FAF95576230683A600B4A264 /* RealmService.swift in Sources */,
				FAAD91502302EA6F006A5185 /* AppDelegate.swift in Sources */,
				FAAD916623030E9C006A5185 /* NetworkService.swift in Sources */,
				FAF1286D23056190002A4943 /* FoodDetailTableViewCell.swift in Sources */,
			);
			runOnlyForDeploymentPostprocessing = 0;
		};
/* End PBXSourcesBuildPhase section */

/* Begin PBXTargetDependency section */
		FA7CB189231D1324003829A4 /* PBXTargetDependency */ = {
			isa = PBXTargetDependency;
			target = FAAD914B2302EA6F006A5185 /* FoodTest */;
			targetProxy = FA7CB188231D1324003829A4 /* PBXContainerItemProxy */;
		};
/* End PBXTargetDependency section */

/* Begin PBXVariantGroup section */
		FAAD91532302EA6F006A5185 /* Main.storyboard */ = {
			isa = PBXVariantGroup;
			children = (
				FAAD91542302EA6F006A5185 /* Base */,
			);
			name = Main.storyboard;
			sourceTree = "<group>";
		};
		FAAD91582302EA71006A5185 /* LaunchScreen.storyboard */ = {
			isa = PBXVariantGroup;
			children = (
				FAAD91592302EA71006A5185 /* Base */,
			);
			name = LaunchScreen.storyboard;
			sourceTree = "<group>";
		};
/* End PBXVariantGroup section */

/* Begin XCBuildConfiguration section */
		FA7CB18A231D1324003829A4 /* Debug */ = {
			isa = XCBuildConfiguration;
			buildSettings = {
				BUNDLE_LOADER = "$(TEST_HOST)";
				CODE_SIGN_STYLE = Automatic;
				DEVELOPMENT_TEAM = 7378LP24FU;
				INFOPLIST_FILE = FoodTestTests/Info.plist;
				LD_RUNPATH_SEARCH_PATHS = (
					"$(inherited)",
					"@executable_path/Frameworks",
					"@loader_path/Frameworks",
				);
				PRODUCT_BUNDLE_IDENTIFIER = my.FoodTestTests;
				PRODUCT_NAME = "$(TARGET_NAME)";
				SWIFT_VERSION = 5.0;
				TARGETED_DEVICE_FAMILY = "1,2";
				TEST_HOST = "$(BUILT_PRODUCTS_DIR)/FoodTest.app/FoodTest";
			};
			name = Debug;
		};
		FA7CB18B231D1324003829A4 /* Release */ = {
			isa = XCBuildConfiguration;
			buildSettings = {
				BUNDLE_LOADER = "$(TEST_HOST)";
				CODE_SIGN_STYLE = Automatic;
				DEVELOPMENT_TEAM = 7378LP24FU;
				INFOPLIST_FILE = FoodTestTests/Info.plist;
				LD_RUNPATH_SEARCH_PATHS = (
					"$(inherited)",
					"@executable_path/Frameworks",
					"@loader_path/Frameworks",
				);
				PRODUCT_BUNDLE_IDENTIFIER = my.FoodTestTests;
				PRODUCT_NAME = "$(TARGET_NAME)";
				SWIFT_VERSION = 5.0;
				TARGETED_DEVICE_FAMILY = "1,2";
				TEST_HOST = "$(BUILT_PRODUCTS_DIR)/FoodTest.app/FoodTest";
			};
			name = Release;
		};
		FAAD915C2302EA71006A5185 /* Debug */ = {
			isa = XCBuildConfiguration;
			buildSettings = {
				ALWAYS_SEARCH_USER_PATHS = NO;
				CLANG_ANALYZER_NONNULL = YES;
				CLANG_ANALYZER_NUMBER_OBJECT_CONVERSION = YES_AGGRESSIVE;
				CLANG_CXX_LANGUAGE_STANDARD = "gnu++14";
				CLANG_CXX_LIBRARY = "libc++";
				CLANG_ENABLE_MODULES = YES;
				CLANG_ENABLE_OBJC_ARC = YES;
				CLANG_ENABLE_OBJC_WEAK = YES;
				CLANG_WARN_BLOCK_CAPTURE_AUTORELEASING = YES;
				CLANG_WARN_BOOL_CONVERSION = YES;
				CLANG_WARN_COMMA = YES;
				CLANG_WARN_CONSTANT_CONVERSION = YES;
				CLANG_WARN_DEPRECATED_OBJC_IMPLEMENTATIONS = YES;
				CLANG_WARN_DIRECT_OBJC_ISA_USAGE = YES_ERROR;
				CLANG_WARN_DOCUMENTATION_COMMENTS = YES;
				CLANG_WARN_EMPTY_BODY = YES;
				CLANG_WARN_ENUM_CONVERSION = YES;
				CLANG_WARN_INFINITE_RECURSION = YES;
				CLANG_WARN_INT_CONVERSION = YES;
				CLANG_WARN_NON_LITERAL_NULL_CONVERSION = YES;
				CLANG_WARN_OBJC_IMPLICIT_RETAIN_SELF = YES;
				CLANG_WARN_OBJC_LITERAL_CONVERSION = YES;
				CLANG_WARN_OBJC_ROOT_CLASS = YES_ERROR;
				CLANG_WARN_RANGE_LOOP_ANALYSIS = YES;
				CLANG_WARN_STRICT_PROTOTYPES = YES;
				CLANG_WARN_SUSPICIOUS_MOVE = YES;
				CLANG_WARN_UNGUARDED_AVAILABILITY = YES_AGGRESSIVE;
				CLANG_WARN_UNREACHABLE_CODE = YES;
				CLANG_WARN__DUPLICATE_METHOD_MATCH = YES;
				CODE_SIGN_IDENTITY = "iPhone Developer";
				COPY_PHASE_STRIP = NO;
				DEBUG_INFORMATION_FORMAT = dwarf;
				ENABLE_STRICT_OBJC_MSGSEND = YES;
				ENABLE_TESTABILITY = YES;
				GCC_C_LANGUAGE_STANDARD = gnu11;
				GCC_DYNAMIC_NO_PIC = NO;
				GCC_NO_COMMON_BLOCKS = YES;
				GCC_OPTIMIZATION_LEVEL = 0;
				GCC_PREPROCESSOR_DEFINITIONS = (
					"DEBUG=1",
					"$(inherited)",
				);
				GCC_WARN_64_TO_32_BIT_CONVERSION = YES;
				GCC_WARN_ABOUT_RETURN_TYPE = YES_ERROR;
				GCC_WARN_UNDECLARED_SELECTOR = YES;
				GCC_WARN_UNINITIALIZED_AUTOS = YES_AGGRESSIVE;
				GCC_WARN_UNUSED_FUNCTION = YES;
				GCC_WARN_UNUSED_VARIABLE = YES;
				IPHONEOS_DEPLOYMENT_TARGET = 12.4;
				MTL_ENABLE_DEBUG_INFO = INCLUDE_SOURCE;
				MTL_FAST_MATH = YES;
				ONLY_ACTIVE_ARCH = YES;
				SDKROOT = iphoneos;
				SWIFT_ACTIVE_COMPILATION_CONDITIONS = DEBUG;
				SWIFT_OPTIMIZATION_LEVEL = "-Onone";
			};
			name = Debug;
		};
		FAAD915D2302EA71006A5185 /* Release */ = {
			isa = XCBuildConfiguration;
			buildSettings = {
				ALWAYS_SEARCH_USER_PATHS = NO;
				CLANG_ANALYZER_NONNULL = YES;
				CLANG_ANALYZER_NUMBER_OBJECT_CONVERSION = YES_AGGRESSIVE;
				CLANG_CXX_LANGUAGE_STANDARD = "gnu++14";
				CLANG_CXX_LIBRARY = "libc++";
				CLANG_ENABLE_MODULES = YES;
				CLANG_ENABLE_OBJC_ARC = YES;
				CLANG_ENABLE_OBJC_WEAK = YES;
				CLANG_WARN_BLOCK_CAPTURE_AUTORELEASING = YES;
				CLANG_WARN_BOOL_CONVERSION = YES;
				CLANG_WARN_COMMA = YES;
				CLANG_WARN_CONSTANT_CONVERSION = YES;
				CLANG_WARN_DEPRECATED_OBJC_IMPLEMENTATIONS = YES;
				CLANG_WARN_DIRECT_OBJC_ISA_USAGE = YES_ERROR;
				CLANG_WARN_DOCUMENTATION_COMMENTS = YES;
				CLANG_WARN_EMPTY_BODY = YES;
				CLANG_WARN_ENUM_CONVERSION = YES;
				CLANG_WARN_INFINITE_RECURSION = YES;
				CLANG_WARN_INT_CONVERSION = YES;
				CLANG_WARN_NON_LITERAL_NULL_CONVERSION = YES;
				CLANG_WARN_OBJC_IMPLICIT_RETAIN_SELF = YES;
				CLANG_WARN_OBJC_LITERAL_CONVERSION = YES;
				CLANG_WARN_OBJC_ROOT_CLASS = YES_ERROR;
				CLANG_WARN_RANGE_LOOP_ANALYSIS = YES;
				CLANG_WARN_STRICT_PROTOTYPES = YES;
				CLANG_WARN_SUSPICIOUS_MOVE = YES;
				CLANG_WARN_UNGUARDED_AVAILABILITY = YES_AGGRESSIVE;
				CLANG_WARN_UNREACHABLE_CODE = YES;
				CLANG_WARN__DUPLICATE_METHOD_MATCH = YES;
				CODE_SIGN_IDENTITY = "iPhone Developer";
				COPY_PHASE_STRIP = NO;
				DEBUG_INFORMATION_FORMAT = "dwarf-with-dsym";
				ENABLE_NS_ASSERTIONS = NO;
				ENABLE_STRICT_OBJC_MSGSEND = YES;
				GCC_C_LANGUAGE_STANDARD = gnu11;
				GCC_NO_COMMON_BLOCKS = YES;
				GCC_WARN_64_TO_32_BIT_CONVERSION = YES;
				GCC_WARN_ABOUT_RETURN_TYPE = YES_ERROR;
				GCC_WARN_UNDECLARED_SELECTOR = YES;
				GCC_WARN_UNINITIALIZED_AUTOS = YES_AGGRESSIVE;
				GCC_WARN_UNUSED_FUNCTION = YES;
				GCC_WARN_UNUSED_VARIABLE = YES;
				IPHONEOS_DEPLOYMENT_TARGET = 12.4;
				MTL_ENABLE_DEBUG_INFO = NO;
				MTL_FAST_MATH = YES;
				SDKROOT = iphoneos;
				SWIFT_COMPILATION_MODE = wholemodule;
				SWIFT_OPTIMIZATION_LEVEL = "-O";
				VALIDATE_PRODUCT = YES;
			};
			name = Release;
		};
		FAAD915F2302EA71006A5185 /* Debug */ = {
			isa = XCBuildConfiguration;
			baseConfigurationReference = 8B9B0267353CCE450A55487F /* Pods-FoodTest.debug.xcconfig */;
			buildSettings = {
				ASSETCATALOG_COMPILER_APPICON_NAME = AppIcon;
				CODE_SIGN_STYLE = Automatic;
				DEVELOPMENT_TEAM = 7378LP24FU;
				INFOPLIST_FILE = FoodTest/Info.plist;
				IPHONEOS_DEPLOYMENT_TARGET = 12.0;
				LD_RUNPATH_SEARCH_PATHS = (
					"$(inherited)",
					"@executable_path/Frameworks",
				);
				PRODUCT_BUNDLE_IDENTIFIER = my.FoodTest;
				PRODUCT_NAME = "$(TARGET_NAME)";
				SWIFT_VERSION = 5.0;
				TARGETED_DEVICE_FAMILY = 1;
			};
			name = Debug;
		};
		FAAD91602302EA71006A5185 /* Release */ = {
			isa = XCBuildConfiguration;
			baseConfigurationReference = D21CBBE57C86FBA3BEC5885A /* Pods-FoodTest.release.xcconfig */;
			buildSettings = {
				ASSETCATALOG_COMPILER_APPICON_NAME = AppIcon;
				CODE_SIGN_STYLE = Automatic;
				DEVELOPMENT_TEAM = 7378LP24FU;
				INFOPLIST_FILE = FoodTest/Info.plist;
				IPHONEOS_DEPLOYMENT_TARGET = 12.0;
				LD_RUNPATH_SEARCH_PATHS = (
					"$(inherited)",
					"@executable_path/Frameworks",
				);
				PRODUCT_BUNDLE_IDENTIFIER = my.FoodTest;
				PRODUCT_NAME = "$(TARGET_NAME)";
				SWIFT_VERSION = 5.0;
				TARGETED_DEVICE_FAMILY = 1;
			};
			name = Release;
		};
/* End XCBuildConfiguration section */

/* Begin XCConfigurationList section */
		FA7CB18C231D1324003829A4 /* Build configuration list for PBXNativeTarget "FoodTestTests" */ = {
			isa = XCConfigurationList;
			buildConfigurations = (
				FA7CB18A231D1324003829A4 /* Debug */,
				FA7CB18B231D1324003829A4 /* Release */,
			);
			defaultConfigurationIsVisible = 0;
			defaultConfigurationName = Release;
		};
		FAAD91472302EA6F006A5185 /* Build configuration list for PBXProject "FoodTest" */ = {
			isa = XCConfigurationList;
			buildConfigurations = (
				FAAD915C2302EA71006A5185 /* Debug */,
				FAAD915D2302EA71006A5185 /* Release */,
			);
			defaultConfigurationIsVisible = 0;
			defaultConfigurationName = Release;
		};
		FAAD915E2302EA71006A5185 /* Build configuration list for PBXNativeTarget "FoodTest" */ = {
			isa = XCConfigurationList;
			buildConfigurations = (
				FAAD915F2302EA71006A5185 /* Debug */,
				FAAD91602302EA71006A5185 /* Release */,
			);
			defaultConfigurationIsVisible = 0;
			defaultConfigurationName = Release;
		};
/* End XCConfigurationList section */
	};
	rootObject = FAAD91442302EA6F006A5185 /* Project object */;
}
